// !$*UTF8*$!
{
	archiveVersion = 1;
	classes = {
	};
	objectVersion = 51;
	objects = {

/* Begin PBXBuildFile section */
		2006984923482348003F1882 /* AppDelegate.swift in Sources */ = {isa = PBXBuildFile; fileRef = 2006984823482348003F1882 /* AppDelegate.swift */; };
		2006984B23482348003F1882 /* SceneDelegate.swift in Sources */ = {isa = PBXBuildFile; fileRef = 2006984A23482348003F1882 /* SceneDelegate.swift */; };
		2006984D23482348003F1882 /* FeedViewController.swift in Sources */ = {isa = PBXBuildFile; fileRef = 2006984C23482348003F1882 /* FeedViewController.swift */; };
		2006984F23482348003F1882 /* PoliciesViewController.swift in Sources */ = {isa = PBXBuildFile; fileRef = 2006984E23482348003F1882 /* PoliciesViewController.swift */; };
		2006985223482348003F1882 /* Main.storyboard in Resources */ = {isa = PBXBuildFile; fileRef = 2006985023482348003F1882 /* Main.storyboard */; };
		2006985523482348003F1882 /* ElectoralUniversity.xcdatamodeld in Sources */ = {isa = PBXBuildFile; fileRef = 2006985323482348003F1882 /* ElectoralUniversity.xcdatamodeld */; };
		200698572348234A003F1882 /* Assets.xcassets in Resources */ = {isa = PBXBuildFile; fileRef = 200698562348234A003F1882 /* Assets.xcassets */; };
		2006985A2348234A003F1882 /* LaunchScreen.storyboard in Resources */ = {isa = PBXBuildFile; fileRef = 200698582348234A003F1882 /* LaunchScreen.storyboard */; };
		200698652348234A003F1882 /* ElectoralUniversityTests.swift in Sources */ = {isa = PBXBuildFile; fileRef = 200698642348234A003F1882 /* ElectoralUniversityTests.swift */; };
		200698702348234A003F1882 /* ElectoralUniversityUITests.swift in Sources */ = {isa = PBXBuildFile; fileRef = 2006986F2348234A003F1882 /* ElectoralUniversityUITests.swift */; };
		202D47CE235B89D500A49EB3 /* Candidate.swift in Sources */ = {isa = PBXBuildFile; fileRef = 202D47CD235B89D500A49EB3 /* Candidate.swift */; };
		202D47D0235B8A7F00A49EB3 /* Tweet.swift in Sources */ = {isa = PBXBuildFile; fileRef = 202D47CF235B8A7F00A49EB3 /* Tweet.swift */; };
		202D47D4235B8C3600A49EB3 /* FeedTableViewCell.swift in Sources */ = {isa = PBXBuildFile; fileRef = 202D47D3235B8C3600A49EB3 /* FeedTableViewCell.swift */; };
		2037E01723960489008C6D6C /* background_dark.jpg in Resources */ = {isa = PBXBuildFile; fileRef = 2037E01623960489008C6D6C /* background_dark.jpg */; };
		2037E019239606EC008C6D6C /* background_light.jpg in Resources */ = {isa = PBXBuildFile; fileRef = 2037E018239606EC008C6D6C /* background_light.jpg */; };
		2068B1FF23A0AB3C00EE7C05 /* State.swift in Sources */ = {isa = PBXBuildFile; fileRef = 2068B1FE23A0AB3C00EE7C05 /* State.swift */; };
		207204632377986200C17E19 /* Issue.swift in Sources */ = {isa = PBXBuildFile; fileRef = 207204622377986200C17E19 /* Issue.swift */; };
		207204662377A0E800C17E19 /* QuizCollectionViewCell.swift in Sources */ = {isa = PBXBuildFile; fileRef = 207204642377A0E800C17E19 /* QuizCollectionViewCell.swift */; };
		207204672377A0E800C17E19 /* QuizCollectionViewCell.xib in Resources */ = {isa = PBXBuildFile; fileRef = 207204652377A0E800C17E19 /* QuizCollectionViewCell.xib */; };
		207204692378D8DA00C17E19 /* checkmark.png in Resources */ = {isa = PBXBuildFile; fileRef = 207204682378D8DA00C17E19 /* checkmark.png */; };
		2096CAEA239D6FF6002A87B6 /* CalendarViewController.swift in Sources */ = {isa = PBXBuildFile; fileRef = 2096CAE9239D6FF6002A87B6 /* CalendarViewController.swift */; };
		2096CAED239D7286002A87B6 /* EventListContainer.swift in Sources */ = {isa = PBXBuildFile; fileRef = 2096CAEC239D7286002A87B6 /* EventListContainer.swift */; };
		2096CAEF239D72CE002A87B6 /* EventCalendarContainer.swift in Sources */ = {isa = PBXBuildFile; fileRef = 2096CAEE239D72CE002A87B6 /* EventCalendarContainer.swift */; };
		2096CAF1239D7FAB002A87B6 /* Event.swift in Sources */ = {isa = PBXBuildFile; fileRef = 2096CAF0239D7FAB002A87B6 /* Event.swift */; };
		2096CAF3239D85A9002A87B6 /* EventListItemView.swift in Sources */ = {isa = PBXBuildFile; fileRef = 2096CAF2239D85A9002A87B6 /* EventListItemView.swift */; };
		2096CAF5239D86CF002A87B6 /* CoreLocation.framework in Frameworks */ = {isa = PBXBuildFile; fileRef = 2096CAF4239D86CF002A87B6 /* CoreLocation.framework */; };
		20AE32F02392BD5800D6EF82 /* ResultsViewContainer.swift in Sources */ = {isa = PBXBuildFile; fileRef = 20AE32EF2392BD5800D6EF82 /* ResultsViewContainer.swift */; };
		20AE32F82392BEB900D6EF82 /* ResultsCollectionViewCell.swift in Sources */ = {isa = PBXBuildFile; fileRef = 20AE32F62392BEB900D6EF82 /* ResultsCollectionViewCell.swift */; };
		20AE32F92392BEB900D6EF82 /* ResultsCollectionViewCell.xib in Resources */ = {isa = PBXBuildFile; fileRef = 20AE32F72392BEB900D6EF82 /* ResultsCollectionViewCell.xib */; };
		20BBD9E2238A3C2B008E9A22 /* QuizViewContainer.swift in Sources */ = {isa = PBXBuildFile; fileRef = 20BBD9E1238A3C2B008E9A22 /* QuizViewContainer.swift */; };
		20CD4F8A235BB83900BE075B /* GoogleService-Info.plist in Resources */ = {isa = PBXBuildFile; fileRef = 20CD4F89235BB83900BE075B /* GoogleService-Info.plist */; };
		20E2F7BA235CF07D0025DB05 /* DefaultProfile.png in Resources */ = {isa = PBXBuildFile; fileRef = 20E2F7B9235CF07D0025DB05 /* DefaultProfile.png */; };
		20F80F2F23712090002AFD42 /* libReadabilityKit.a in Frameworks */ = {isa = PBXBuildFile; fileRef = 20F80F2E23712090002AFD42 /* libReadabilityKit.a */; };
		5DE0B5915B84D4CA12D8FCF1 /* libPods-ElectoralUniversity.a in Frameworks */ = {isa = PBXBuildFile; fileRef = 0B8CF2C64248D904C447D975 /* libPods-ElectoralUniversity.a */; };
/* End PBXBuildFile section */

/* Begin PBXContainerItemProxy section */
		200698612348234A003F1882 /* PBXContainerItemProxy */ = {
			isa = PBXContainerItemProxy;
			containerPortal = 2006983D23482348003F1882 /* Project object */;
			proxyType = 1;
			remoteGlobalIDString = 2006984423482348003F1882;
			remoteInfo = ElectoralUniversity;
		};
		2006986C2348234A003F1882 /* PBXContainerItemProxy */ = {
			isa = PBXContainerItemProxy;
			containerPortal = 2006983D23482348003F1882 /* Project object */;
			proxyType = 1;
			remoteGlobalIDString = 2006984423482348003F1882;
			remoteInfo = ElectoralUniversity;
		};
/* End PBXContainerItemProxy section */

/* Begin PBXFileReference section */
		0B8CF2C64248D904C447D975 /* libPods-ElectoralUniversity.a */ = {isa = PBXFileReference; explicitFileType = archive.ar; includeInIndex = 0; path = "libPods-ElectoralUniversity.a"; sourceTree = BUILT_PRODUCTS_DIR; };
		2006984523482348003F1882 /* ElectoralUniversity.app */ = {isa = PBXFileReference; explicitFileType = wrapper.application; includeInIndex = 0; path = ElectoralUniversity.app; sourceTree = BUILT_PRODUCTS_DIR; };
		2006984823482348003F1882 /* AppDelegate.swift */ = {isa = PBXFileReference; lastKnownFileType = sourcecode.swift; path = AppDelegate.swift; sourceTree = "<group>"; };
		2006984A23482348003F1882 /* SceneDelegate.swift */ = {isa = PBXFileReference; lastKnownFileType = sourcecode.swift; path = SceneDelegate.swift; sourceTree = "<group>"; };
		2006984C23482348003F1882 /* FeedViewController.swift */ = {isa = PBXFileReference; lastKnownFileType = sourcecode.swift; path = FeedViewController.swift; sourceTree = "<group>"; };
		2006984E23482348003F1882 /* PoliciesViewController.swift */ = {isa = PBXFileReference; lastKnownFileType = sourcecode.swift; path = PoliciesViewController.swift; sourceTree = "<group>"; };
		2006985123482348003F1882 /* Base */ = {isa = PBXFileReference; lastKnownFileType = file.storyboard; name = Base; path = Base.lproj/Main.storyboard; sourceTree = "<group>"; };
		2006985423482348003F1882 /* ElectoralUniversity.xcdatamodel */ = {isa = PBXFileReference; lastKnownFileType = wrapper.xcdatamodel; path = ElectoralUniversity.xcdatamodel; sourceTree = "<group>"; };
		200698562348234A003F1882 /* Assets.xcassets */ = {isa = PBXFileReference; lastKnownFileType = folder.assetcatalog; path = Assets.xcassets; sourceTree = "<group>"; };
		200698592348234A003F1882 /* Base */ = {isa = PBXFileReference; lastKnownFileType = file.storyboard; name = Base; path = Base.lproj/LaunchScreen.storyboard; sourceTree = "<group>"; };
		2006985B2348234A003F1882 /* Info.plist */ = {isa = PBXFileReference; lastKnownFileType = text.plist.xml; path = Info.plist; sourceTree = "<group>"; };
		200698602348234A003F1882 /* ElectoralUniversityTests.xctest */ = {isa = PBXFileReference; explicitFileType = wrapper.cfbundle; includeInIndex = 0; path = ElectoralUniversityTests.xctest; sourceTree = BUILT_PRODUCTS_DIR; };
		200698642348234A003F1882 /* ElectoralUniversityTests.swift */ = {isa = PBXFileReference; lastKnownFileType = sourcecode.swift; path = ElectoralUniversityTests.swift; sourceTree = "<group>"; };
		200698662348234A003F1882 /* Info.plist */ = {isa = PBXFileReference; lastKnownFileType = text.plist.xml; path = Info.plist; sourceTree = "<group>"; };
		2006986B2348234A003F1882 /* ElectoralUniversityUITests.xctest */ = {isa = PBXFileReference; explicitFileType = wrapper.cfbundle; includeInIndex = 0; path = ElectoralUniversityUITests.xctest; sourceTree = BUILT_PRODUCTS_DIR; };
		2006986F2348234A003F1882 /* ElectoralUniversityUITests.swift */ = {isa = PBXFileReference; lastKnownFileType = sourcecode.swift; path = ElectoralUniversityUITests.swift; sourceTree = "<group>"; };
		200698712348234A003F1882 /* Info.plist */ = {isa = PBXFileReference; lastKnownFileType = text.plist.xml; path = Info.plist; sourceTree = "<group>"; };
		202D47CD235B89D500A49EB3 /* Candidate.swift */ = {isa = PBXFileReference; lastKnownFileType = sourcecode.swift; path = Candidate.swift; sourceTree = "<group>"; };
		202D47CF235B8A7F00A49EB3 /* Tweet.swift */ = {isa = PBXFileReference; lastKnownFileType = sourcecode.swift; path = Tweet.swift; sourceTree = "<group>"; };
		202D47D3235B8C3600A49EB3 /* FeedTableViewCell.swift */ = {isa = PBXFileReference; lastKnownFileType = sourcecode.swift; path = FeedTableViewCell.swift; sourceTree = "<group>"; };
		2037E01623960489008C6D6C /* background_dark.jpg */ = {isa = PBXFileReference; lastKnownFileType = image.jpeg; path = background_dark.jpg; sourceTree = "<group>"; };
		2037E018239606EC008C6D6C /* background_light.jpg */ = {isa = PBXFileReference; lastKnownFileType = image.jpeg; path = background_light.jpg; sourceTree = "<group>"; };
		2068B1FE23A0AB3C00EE7C05 /* State.swift */ = {isa = PBXFileReference; lastKnownFileType = sourcecode.swift; path = State.swift; sourceTree = "<group>"; };
		207204622377986200C17E19 /* Issue.swift */ = {isa = PBXFileReference; lastKnownFileType = sourcecode.swift; path = Issue.swift; sourceTree = "<group>"; };
		207204642377A0E800C17E19 /* QuizCollectionViewCell.swift */ = {isa = PBXFileReference; lastKnownFileType = sourcecode.swift; path = QuizCollectionViewCell.swift; sourceTree = "<group>"; };
		207204652377A0E800C17E19 /* QuizCollectionViewCell.xib */ = {isa = PBXFileReference; lastKnownFileType = file.xib; path = QuizCollectionViewCell.xib; sourceTree = "<group>"; };
		207204682378D8DA00C17E19 /* checkmark.png */ = {isa = PBXFileReference; lastKnownFileType = image.png; path = checkmark.png; sourceTree = "<group>"; };
		2096CAE9239D6FF6002A87B6 /* CalendarViewController.swift */ = {isa = PBXFileReference; lastKnownFileType = sourcecode.swift; path = CalendarViewController.swift; sourceTree = "<group>"; };
		2096CAEC239D7286002A87B6 /* EventListContainer.swift */ = {isa = PBXFileReference; lastKnownFileType = sourcecode.swift; path = EventListContainer.swift; sourceTree = "<group>"; };
		2096CAEE239D72CE002A87B6 /* EventCalendarContainer.swift */ = {isa = PBXFileReference; lastKnownFileType = sourcecode.swift; path = EventCalendarContainer.swift; sourceTree = "<group>"; };
		2096CAF0239D7FAB002A87B6 /* Event.swift */ = {isa = PBXFileReference; lastKnownFileType = sourcecode.swift; path = Event.swift; sourceTree = "<group>"; };
		2096CAF2239D85A9002A87B6 /* EventListItemView.swift */ = {isa = PBXFileReference; lastKnownFileType = sourcecode.swift; path = EventListItemView.swift; sourceTree = "<group>"; };
		2096CAF4239D86CF002A87B6 /* CoreLocation.framework */ = {isa = PBXFileReference; lastKnownFileType = wrapper.framework; name = CoreLocation.framework; path = System/Library/Frameworks/CoreLocation.framework; sourceTree = SDKROOT; };
		20AE32EC2392BD0800D6EF82 /* DefaultProfile.png */ = {isa = PBXFileReference; lastKnownFileType = image.png; path = DefaultProfile.png; sourceTree = "<group>"; };
		20AE32EE2392BD3400D6EF82 /* DefaultProfile.png */ = {isa = PBXFileReference; lastKnownFileType = image.png; name = DefaultProfile.png; path = ../../../../../Downloads/DefaultProfile.png; sourceTree = "<group>"; };
		20AE32EF2392BD5800D6EF82 /* ResultsViewContainer.swift */ = {isa = PBXFileReference; lastKnownFileType = sourcecode.swift; path = ResultsViewContainer.swift; sourceTree = "<group>"; };
		20AE32F62392BEB900D6EF82 /* ResultsCollectionViewCell.swift */ = {isa = PBXFileReference; lastKnownFileType = sourcecode.swift; path = ResultsCollectionViewCell.swift; sourceTree = "<group>"; };
		20AE32F72392BEB900D6EF82 /* ResultsCollectionViewCell.xib */ = {isa = PBXFileReference; lastKnownFileType = file.xib; path = ResultsCollectionViewCell.xib; sourceTree = "<group>"; };
		20BBD9E1238A3C2B008E9A22 /* QuizViewContainer.swift */ = {isa = PBXFileReference; lastKnownFileType = sourcecode.swift; path = QuizViewContainer.swift; sourceTree = "<group>"; };
		20CD4F89235BB83900BE075B /* GoogleService-Info.plist */ = {isa = PBXFileReference; fileEncoding = 4; lastKnownFileType = text.plist.xml; name = "GoogleService-Info.plist"; path = "../../../../Downloads/GoogleService-Info.plist"; sourceTree = "<group>"; };
		20E2F7B9235CF07D0025DB05 /* DefaultProfile.png */ = {isa = PBXFileReference; lastKnownFileType = image.png; name = DefaultProfile.png; path = ../../../../Downloads/DefaultProfile.png; sourceTree = "<group>"; };
		20F80F2E23712090002AFD42 /* libReadabilityKit.a */ = {isa = PBXFileReference; explicitFileType = archive.ar; path = libReadabilityKit.a; sourceTree = BUILT_PRODUCTS_DIR; };
		B41436D1AA6CF9FA6083B13A /* Pods-ElectoralUniversity.release.xcconfig */ = {isa = PBXFileReference; includeInIndex = 1; lastKnownFileType = text.xcconfig; name = "Pods-ElectoralUniversity.release.xcconfig"; path = "Pods/Target Support Files/Pods-ElectoralUniversity/Pods-ElectoralUniversity.release.xcconfig"; sourceTree = "<group>"; };
		EA49FD760A9D3054D4F62B28 /* Pods-ElectoralUniversity.debug.xcconfig */ = {isa = PBXFileReference; includeInIndex = 1; lastKnownFileType = text.xcconfig; name = "Pods-ElectoralUniversity.debug.xcconfig"; path = "Pods/Target Support Files/Pods-ElectoralUniversity/Pods-ElectoralUniversity.debug.xcconfig"; sourceTree = "<group>"; };
/* End PBXFileReference section */

/* Begin PBXFrameworksBuildPhase section */
		2006984223482348003F1882 /* Frameworks */ = {
			isa = PBXFrameworksBuildPhase;
			buildActionMask = 2147483647;
			files = (
				2096CAF5239D86CF002A87B6 /* CoreLocation.framework in Frameworks */,
				20F80F2F23712090002AFD42 /* libReadabilityKit.a in Frameworks */,
				5DE0B5915B84D4CA12D8FCF1 /* libPods-ElectoralUniversity.a in Frameworks */,
			);
			runOnlyForDeploymentPostprocessing = 0;
		};
		2006985D2348234A003F1882 /* Frameworks */ = {
			isa = PBXFrameworksBuildPhase;
			buildActionMask = 2147483647;
			files = (
			);
			runOnlyForDeploymentPostprocessing = 0;
		};
		200698682348234A003F1882 /* Frameworks */ = {
			isa = PBXFrameworksBuildPhase;
			buildActionMask = 2147483647;
			files = (
			);
			runOnlyForDeploymentPostprocessing = 0;
		};
/* End PBXFrameworksBuildPhase section */

/* Begin PBXGroup section */
		2006983C23482348003F1882 = {
			isa = PBXGroup;
			children = (
				2006984723482348003F1882 /* ElectoralUniversity */,
				200698632348234A003F1882 /* ElectoralUniversityTests */,
				2006986E2348234A003F1882 /* ElectoralUniversityUITests */,
				2006984623482348003F1882 /* Products */,
				33AE98AD714E08E58F5E99F8 /* Pods */,
				B79139969A1FE9AD9DB1EE09 /* Frameworks */,
			);
			sourceTree = "<group>";
		};
		2006984623482348003F1882 /* Products */ = {
			isa = PBXGroup;
			children = (
				2006984523482348003F1882 /* ElectoralUniversity.app */,
				200698602348234A003F1882 /* ElectoralUniversityTests.xctest */,
				2006986B2348234A003F1882 /* ElectoralUniversityUITests.xctest */,
			);
			name = Products;
			sourceTree = "<group>";
		};
		2006984723482348003F1882 /* ElectoralUniversity */ = {
			isa = PBXGroup;
			children = (
				2096CAEB239D7256002A87B6 /* CalendarViewsUI */,
				20AE32F12392BDDB00D6EF82 /* ReusableViewCells */,
				20AE32ED2392BD1D00D6EF82 /* FirestoreClasses */,
				20AE32EB2392BCFB00D6EF82 /* assets */,
				20AE32EA2392BCD200D6EF82 /* QuizViewsUI */,
				20E2F7B9235CF07D0025DB05 /* DefaultProfile.png */,
				20CD4F89235BB83900BE075B /* GoogleService-Info.plist */,
				2006984823482348003F1882 /* AppDelegate.swift */,
				2006984A23482348003F1882 /* SceneDelegate.swift */,
				2006984C23482348003F1882 /* FeedViewController.swift */,
				2006984E23482348003F1882 /* PoliciesViewController.swift */,
				2006985023482348003F1882 /* Main.storyboard */,
				200698562348234A003F1882 /* Assets.xcassets */,
				200698582348234A003F1882 /* LaunchScreen.storyboard */,
				2006985B2348234A003F1882 /* Info.plist */,
				2006985323482348003F1882 /* ElectoralUniversity.xcdatamodeld */,
				2096CAE9239D6FF6002A87B6 /* CalendarViewController.swift */,
			);
			path = ElectoralUniversity;
			sourceTree = "<group>";
		};
		200698632348234A003F1882 /* ElectoralUniversityTests */ = {
			isa = PBXGroup;
			children = (
				200698642348234A003F1882 /* ElectoralUniversityTests.swift */,
				200698662348234A003F1882 /* Info.plist */,
			);
			path = ElectoralUniversityTests;
			sourceTree = "<group>";
		};
		2006986E2348234A003F1882 /* ElectoralUniversityUITests */ = {
			isa = PBXGroup;
			children = (
				2006986F2348234A003F1882 /* ElectoralUniversityUITests.swift */,
				200698712348234A003F1882 /* Info.plist */,
			);
			path = ElectoralUniversityUITests;
			sourceTree = "<group>";
		};
		2096CAEB239D7256002A87B6 /* CalendarViewsUI */ = {
			isa = PBXGroup;
			children = (
				2096CAEC239D7286002A87B6 /* EventListContainer.swift */,
				2096CAEE239D72CE002A87B6 /* EventCalendarContainer.swift */,
				2096CAF2239D85A9002A87B6 /* EventListItemView.swift */,
			);
			path = CalendarViewsUI;
			sourceTree = "<group>";
		};
		20AE32EA2392BCD200D6EF82 /* QuizViewsUI */ = {
			isa = PBXGroup;
			children = (
				20BBD9E1238A3C2B008E9A22 /* QuizViewContainer.swift */,
				20AE32EF2392BD5800D6EF82 /* ResultsViewContainer.swift */,
			);
			path = QuizViewsUI;
			sourceTree = "<group>";
		};
		20AE32EB2392BCFB00D6EF82 /* assets */ = {
			isa = PBXGroup;
			children = (
				2037E018239606EC008C6D6C /* background_light.jpg */,
				2037E01623960489008C6D6C /* background_dark.jpg */,
				20AE32EC2392BD0800D6EF82 /* DefaultProfile.png */,
				20AE32EE2392BD3400D6EF82 /* DefaultProfile.png */,
				207204682378D8DA00C17E19 /* checkmark.png */,
			);
			path = assets;
			sourceTree = "<group>";
		};
		20AE32ED2392BD1D00D6EF82 /* FirestoreClasses */ = {
			isa = PBXGroup;
			children = (
				202D47CD235B89D500A49EB3 /* Candidate.swift */,
				207204622377986200C17E19 /* Issue.swift */,
				202D47CF235B8A7F00A49EB3 /* Tweet.swift */,
				2096CAF0239D7FAB002A87B6 /* Event.swift */,
				2068B1FE23A0AB3C00EE7C05 /* State.swift */,
			);
			path = FirestoreClasses;
			sourceTree = "<group>";
		};
		20AE32F12392BDDB00D6EF82 /* ReusableViewCells */ = {
			isa = PBXGroup;
			children = (
				202D47D3235B8C3600A49EB3 /* FeedTableViewCell.swift */,
				207204642377A0E800C17E19 /* QuizCollectionViewCell.swift */,
				207204652377A0E800C17E19 /* QuizCollectionViewCell.xib */,
				20AE32F62392BEB900D6EF82 /* ResultsCollectionViewCell.swift */,
				20AE32F72392BEB900D6EF82 /* ResultsCollectionViewCell.xib */,
			);
			path = ReusableViewCells;
			sourceTree = "<group>";
		};
		33AE98AD714E08E58F5E99F8 /* Pods */ = {
			isa = PBXGroup;
			children = (
				EA49FD760A9D3054D4F62B28 /* Pods-ElectoralUniversity.debug.xcconfig */,
				B41436D1AA6CF9FA6083B13A /* Pods-ElectoralUniversity.release.xcconfig */,
			);
			name = Pods;
			sourceTree = "<group>";
		};
		B79139969A1FE9AD9DB1EE09 /* Frameworks */ = {
			isa = PBXGroup;
			children = (
				2096CAF4239D86CF002A87B6 /* CoreLocation.framework */,
				20F80F2E23712090002AFD42 /* libReadabilityKit.a */,
				0B8CF2C64248D904C447D975 /* libPods-ElectoralUniversity.a */,
			);
			name = Frameworks;
			sourceTree = "<group>";
		};
/* End PBXGroup section */

/* Begin PBXNativeTarget section */
		2006984423482348003F1882 /* ElectoralUniversity */ = {
			isa = PBXNativeTarget;
			buildConfigurationList = 200698742348234A003F1882 /* Build configuration list for PBXNativeTarget "ElectoralUniversity" */;
			buildPhases = (
				3DDD2B0866A9DD1E1D99A45F /* [CP] Check Pods Manifest.lock */,
				2006984123482348003F1882 /* Sources */,
				2006984223482348003F1882 /* Frameworks */,
				2006984323482348003F1882 /* Resources */,
				35DE3C12ADAEDF020EBD13B9 /* [CP] Copy Pods Resources */,
			);
			buildRules = (
			);
			dependencies = (
			);
			name = ElectoralUniversity;
			productName = ElectoralUniversity;
			productReference = 2006984523482348003F1882 /* ElectoralUniversity.app */;
			productType = "com.apple.product-type.application";
		};
		2006985F2348234A003F1882 /* ElectoralUniversityTests */ = {
			isa = PBXNativeTarget;
			buildConfigurationList = 200698772348234A003F1882 /* Build configuration list for PBXNativeTarget "ElectoralUniversityTests" */;
			buildPhases = (
				2006985C2348234A003F1882 /* Sources */,
				2006985D2348234A003F1882 /* Frameworks */,
				2006985E2348234A003F1882 /* Resources */,
			);
			buildRules = (
			);
			dependencies = (
				200698622348234A003F1882 /* PBXTargetDependency */,
			);
			name = ElectoralUniversityTests;
			productName = ElectoralUniversityTests;
			productReference = 200698602348234A003F1882 /* ElectoralUniversityTests.xctest */;
			productType = "com.apple.product-type.bundle.unit-test";
		};
		2006986A2348234A003F1882 /* ElectoralUniversityUITests */ = {
			isa = PBXNativeTarget;
			buildConfigurationList = 2006987A2348234A003F1882 /* Build configuration list for PBXNativeTarget "ElectoralUniversityUITests" */;
			buildPhases = (
				200698672348234A003F1882 /* Sources */,
				200698682348234A003F1882 /* Frameworks */,
				200698692348234A003F1882 /* Resources */,
			);
			buildRules = (
			);
			dependencies = (
				2006986D2348234A003F1882 /* PBXTargetDependency */,
			);
			name = ElectoralUniversityUITests;
			productName = ElectoralUniversityUITests;
			productReference = 2006986B2348234A003F1882 /* ElectoralUniversityUITests.xctest */;
			productType = "com.apple.product-type.bundle.ui-testing";
		};
/* End PBXNativeTarget section */

/* Begin PBXProject section */
		2006983D23482348003F1882 /* Project object */ = {
			isa = PBXProject;
			attributes = {
				LastSwiftUpdateCheck = 1100;
				LastUpgradeCheck = 1100;
				ORGANIZATIONNAME = EvanRichard;
				TargetAttributes = {
					2006984423482348003F1882 = {
						CreatedOnToolsVersion = 11.0;
					};
					2006985F2348234A003F1882 = {
						CreatedOnToolsVersion = 11.0;
						TestTargetID = 2006984423482348003F1882;
					};
					2006986A2348234A003F1882 = {
						CreatedOnToolsVersion = 11.0;
						TestTargetID = 2006984423482348003F1882;
					};
				};
			};
			buildConfigurationList = 2006984023482348003F1882 /* Build configuration list for PBXProject "ElectoralUniversity" */;
			compatibilityVersion = "Xcode 9.3";
			developmentRegion = en;
			hasScannedForEncodings = 0;
			knownRegions = (
				en,
				Base,
			);
			mainGroup = 2006983C23482348003F1882;
			productRefGroup = 2006984623482348003F1882 /* Products */;
			projectDirPath = "";
			projectRoot = "";
			targets = (
				2006984423482348003F1882 /* ElectoralUniversity */,
				2006985F2348234A003F1882 /* ElectoralUniversityTests */,
				2006986A2348234A003F1882 /* ElectoralUniversityUITests */,
			);
		};
/* End PBXProject section */

/* Begin PBXResourcesBuildPhase section */
		2006984323482348003F1882 /* Resources */ = {
			isa = PBXResourcesBuildPhase;
			buildActionMask = 2147483647;
			files = (
				20E2F7BA235CF07D0025DB05 /* DefaultProfile.png in Resources */,
				2037E01723960489008C6D6C /* background_dark.jpg in Resources */,
				2006985A2348234A003F1882 /* LaunchScreen.storyboard in Resources */,
				20CD4F8A235BB83900BE075B /* GoogleService-Info.plist in Resources */,
				207204672377A0E800C17E19 /* QuizCollectionViewCell.xib in Resources */,
				200698572348234A003F1882 /* Assets.xcassets in Resources */,
				2006985223482348003F1882 /* Main.storyboard in Resources */,
				20AE32F92392BEB900D6EF82 /* ResultsCollectionViewCell.xib in Resources */,
				2037E019239606EC008C6D6C /* background_light.jpg in Resources */,
				207204692378D8DA00C17E19 /* checkmark.png in Resources */,
			);
			runOnlyForDeploymentPostprocessing = 0;
		};
		2006985E2348234A003F1882 /* Resources */ = {
			isa = PBXResourcesBuildPhase;
			buildActionMask = 2147483647;
			files = (
			);
			runOnlyForDeploymentPostprocessing = 0;
		};
		200698692348234A003F1882 /* Resources */ = {
			isa = PBXResourcesBuildPhase;
			buildActionMask = 2147483647;
			files = (
			);
			runOnlyForDeploymentPostprocessing = 0;
		};
/* End PBXResourcesBuildPhase section */

/* Begin PBXShellScriptBuildPhase section */
		35DE3C12ADAEDF020EBD13B9 /* [CP] Copy Pods Resources */ = {
			isa = PBXShellScriptBuildPhase;
			buildActionMask = 2147483647;
			files = (
			);
			inputFileListPaths = (
				"${PODS_ROOT}/Target Support Files/Pods-ElectoralUniversity/Pods-ElectoralUniversity-resources-${CONFIGURATION}-input-files.xcfilelist",
			);
			name = "[CP] Copy Pods Resources";
			outputFileListPaths = (
				"${PODS_ROOT}/Target Support Files/Pods-ElectoralUniversity/Pods-ElectoralUniversity-resources-${CONFIGURATION}-output-files.xcfilelist",
			);
			runOnlyForDeploymentPostprocessing = 0;
			shellPath = /bin/sh;
			shellScript = "\"${PODS_ROOT}/Target Support Files/Pods-ElectoralUniversity/Pods-ElectoralUniversity-resources.sh\"\n";
			showEnvVarsInLog = 0;
		};
		3DDD2B0866A9DD1E1D99A45F /* [CP] Check Pods Manifest.lock */ = {
			isa = PBXShellScriptBuildPhase;
			buildActionMask = 2147483647;
			files = (
			);
			inputFileListPaths = (
			);
			inputPaths = (
				"${PODS_PODFILE_DIR_PATH}/Podfile.lock",
				"${PODS_ROOT}/Manifest.lock",
			);
			name = "[CP] Check Pods Manifest.lock";
			outputFileListPaths = (
			);
			outputPaths = (
				"$(DERIVED_FILE_DIR)/Pods-ElectoralUniversity-checkManifestLockResult.txt",
			);
			runOnlyForDeploymentPostprocessing = 0;
			shellPath = /bin/sh;
			shellScript = "diff \"${PODS_PODFILE_DIR_PATH}/Podfile.lock\" \"${PODS_ROOT}/Manifest.lock\" > /dev/null\nif [ $? != 0 ] ; then\n    # print error to STDERR\n    echo \"error: The sandbox is not in sync with the Podfile.lock. Run 'pod install' or update your CocoaPods installation.\" >&2\n    exit 1\nfi\n# This output is used by Xcode 'outputs' to avoid re-running this script phase.\necho \"SUCCESS\" > \"${SCRIPT_OUTPUT_FILE_0}\"\n";
			showEnvVarsInLog = 0;
		};
/* End PBXShellScriptBuildPhase section */

/* Begin PBXSourcesBuildPhase section */
		2006984123482348003F1882 /* Sources */ = {
			isa = PBXSourcesBuildPhase;
			buildActionMask = 2147483647;
			files = (
				2006984F23482348003F1882 /* PoliciesViewController.swift in Sources */,
				2096CAEF239D72CE002A87B6 /* EventCalendarContainer.swift in Sources */,
				2096CAF1239D7FAB002A87B6 /* Event.swift in Sources */,
				20BBD9E2238A3C2B008E9A22 /* QuizViewContainer.swift in Sources */,
				202D47D4235B8C3600A49EB3 /* FeedTableViewCell.swift in Sources */,
				20AE32F82392BEB900D6EF82 /* ResultsCollectionViewCell.swift in Sources */,
				2006984D23482348003F1882 /* FeedViewController.swift in Sources */,
				2006984923482348003F1882 /* AppDelegate.swift in Sources */,
				20AE32F02392BD5800D6EF82 /* ResultsViewContainer.swift in Sources */,
				202D47D0235B8A7F00A49EB3 /* Tweet.swift in Sources */,
				2068B1FF23A0AB3C00EE7C05 /* State.swift in Sources */,
				207204662377A0E800C17E19 /* QuizCollectionViewCell.swift in Sources */,
				202D47CE235B89D500A49EB3 /* Candidate.swift in Sources */,
				2006984B23482348003F1882 /* SceneDelegate.swift in Sources */,
				2006985523482348003F1882 /* ElectoralUniversity.xcdatamodeld in Sources */,
				2096CAEA239D6FF6002A87B6 /* CalendarViewController.swift in Sources */,
				207204632377986200C17E19 /* Issue.swift in Sources */,
				2096CAF3239D85A9002A87B6 /* EventListItemView.swift in Sources */,
				2096CAED239D7286002A87B6 /* EventListContainer.swift in Sources */,
			);
			runOnlyForDeploymentPostprocessing = 0;
		};
		2006985C2348234A003F1882 /* Sources */ = {
			isa = PBXSourcesBuildPhase;
			buildActionMask = 2147483647;
			files = (
				200698652348234A003F1882 /* ElectoralUniversityTests.swift in Sources */,
			);
			runOnlyForDeploymentPostprocessing = 0;
		};
		200698672348234A003F1882 /* Sources */ = {
			isa = PBXSourcesBuildPhase;
			buildActionMask = 2147483647;
			files = (
				200698702348234A003F1882 /* ElectoralUniversityUITests.swift in Sources */,
			);
			runOnlyForDeploymentPostprocessing = 0;
		};
/* End PBXSourcesBuildPhase section */

/* Begin PBXTargetDependency section */
		200698622348234A003F1882 /* PBXTargetDependency */ = {
			isa = PBXTargetDependency;
			target = 2006984423482348003F1882 /* ElectoralUniversity */;
			targetProxy = 200698612348234A003F1882 /* PBXContainerItemProxy */;
		};
		2006986D2348234A003F1882 /* PBXTargetDependency */ = {
			isa = PBXTargetDependency;
			target = 2006984423482348003F1882 /* ElectoralUniversity */;
			targetProxy = 2006986C2348234A003F1882 /* PBXContainerItemProxy */;
		};
/* End PBXTargetDependency section */

/* Begin PBXVariantGroup section */
		2006985023482348003F1882 /* Main.storyboard */ = {
			isa = PBXVariantGroup;
			children = (
				2006985123482348003F1882 /* Base */,
			);
			name = Main.storyboard;
			sourceTree = "<group>";
		};
		200698582348234A003F1882 /* LaunchScreen.storyboard */ = {
			isa = PBXVariantGroup;
			children = (
				200698592348234A003F1882 /* Base */,
			);
			name = LaunchScreen.storyboard;
			sourceTree = "<group>";
		};
/* End PBXVariantGroup section */

/* Begin XCBuildConfiguration section */
		200698722348234A003F1882 /* Debug */ = {
			isa = XCBuildConfiguration;
			buildSettings = {
				ALWAYS_SEARCH_USER_PATHS = NO;
				CLANG_ANALYZER_NONNULL = YES;
				CLANG_ANALYZER_NUMBER_OBJECT_CONVERSION = YES_AGGRESSIVE;
				CLANG_CXX_LANGUAGE_STANDARD = "gnu++14";
				CLANG_CXX_LIBRARY = "libc++";
				CLANG_ENABLE_MODULES = YES;
				CLANG_ENABLE_OBJC_ARC = YES;
				CLANG_ENABLE_OBJC_WEAK = YES;
				CLANG_WARN_BLOCK_CAPTURE_AUTORELEASING = YES;
				CLANG_WARN_BOOL_CONVERSION = YES;
				CLANG_WARN_COMMA = YES;
				CLANG_WARN_CONSTANT_CONVERSION = YES;
				CLANG_WARN_DEPRECATED_OBJC_IMPLEMENTATIONS = YES;
				CLANG_WARN_DIRECT_OBJC_ISA_USAGE = YES_ERROR;
				CLANG_WARN_DOCUMENTATION_COMMENTS = YES;
				CLANG_WARN_EMPTY_BODY = YES;
				CLANG_WARN_ENUM_CONVERSION = YES;
				CLANG_WARN_INFINITE_RECURSION = YES;
				CLANG_WARN_INT_CONVERSION = YES;
				CLANG_WARN_NON_LITERAL_NULL_CONVERSION = YES;
				CLANG_WARN_OBJC_IMPLICIT_RETAIN_SELF = YES;
				CLANG_WARN_OBJC_LITERAL_CONVERSION = YES;
				CLANG_WARN_OBJC_ROOT_CLASS = YES_ERROR;
				CLANG_WARN_RANGE_LOOP_ANALYSIS = YES;
				CLANG_WARN_STRICT_PROTOTYPES = YES;
				CLANG_WARN_SUSPICIOUS_MOVE = YES;
				CLANG_WARN_UNGUARDED_AVAILABILITY = YES_AGGRESSIVE;
				CLANG_WARN_UNREACHABLE_CODE = YES;
				CLANG_WARN__DUPLICATE_METHOD_MATCH = YES;
				COPY_PHASE_STRIP = NO;
				DEBUG_INFORMATION_FORMAT = dwarf;
				ENABLE_STRICT_OBJC_MSGSEND = YES;
				ENABLE_TESTABILITY = YES;
				GCC_C_LANGUAGE_STANDARD = gnu11;
				GCC_DYNAMIC_NO_PIC = NO;
				GCC_NO_COMMON_BLOCKS = YES;
				GCC_OPTIMIZATION_LEVEL = 0;
				GCC_PREPROCESSOR_DEFINITIONS = (
					"DEBUG=1",
					"$(inherited)",
				);
				GCC_WARN_64_TO_32_BIT_CONVERSION = YES;
				GCC_WARN_ABOUT_RETURN_TYPE = YES_ERROR;
				GCC_WARN_UNDECLARED_SELECTOR = YES;
				GCC_WARN_UNINITIALIZED_AUTOS = YES_AGGRESSIVE;
				GCC_WARN_UNUSED_FUNCTION = YES;
				GCC_WARN_UNUSED_VARIABLE = YES;
				IPHONEOS_DEPLOYMENT_TARGET = 13.0;
				MTL_ENABLE_DEBUG_INFO = INCLUDE_SOURCE;
				MTL_FAST_MATH = YES;
				ONLY_ACTIVE_ARCH = YES;
				SDKROOT = iphoneos;
				SWIFT_ACTIVE_COMPILATION_CONDITIONS = DEBUG;
				SWIFT_OPTIMIZATION_LEVEL = "-Onone";
			};
			name = Debug;
		};
		200698732348234A003F1882 /* Release */ = {
			isa = XCBuildConfiguration;
			buildSettings = {
				ALWAYS_SEARCH_USER_PATHS = NO;
				CLANG_ANALYZER_NONNULL = YES;
				CLANG_ANALYZER_NUMBER_OBJECT_CONVERSION = YES_AGGRESSIVE;
				CLANG_CXX_LANGUAGE_STANDARD = "gnu++14";
				CLANG_CXX_LIBRARY = "libc++";
				CLANG_ENABLE_MODULES = YES;
				CLANG_ENABLE_OBJC_ARC = YES;
				CLANG_ENABLE_OBJC_WEAK = YES;
				CLANG_WARN_BLOCK_CAPTURE_AUTORELEASING = YES;
				CLANG_WARN_BOOL_CONVERSION = YES;
				CLANG_WARN_COMMA = YES;
				CLANG_WARN_CONSTANT_CONVERSION = YES;
				CLANG_WARN_DEPRECATED_OBJC_IMPLEMENTATIONS = YES;
				CLANG_WARN_DIRECT_OBJC_ISA_USAGE = YES_ERROR;
				CLANG_WARN_DOCUMENTATION_COMMENTS = YES;
				CLANG_WARN_EMPTY_BODY = YES;
				CLANG_WARN_ENUM_CONVERSION = YES;
				CLANG_WARN_INFINITE_RECURSION = YES;
				CLANG_WARN_INT_CONVERSION = YES;
				CLANG_WARN_NON_LITERAL_NULL_CONVERSION = YES;
				CLANG_WARN_OBJC_IMPLICIT_RETAIN_SELF = YES;
				CLANG_WARN_OBJC_LITERAL_CONVERSION = YES;
				CLANG_WARN_OBJC_ROOT_CLASS = YES_ERROR;
				CLANG_WARN_RANGE_LOOP_ANALYSIS = YES;
				CLANG_WARN_STRICT_PROTOTYPES = YES;
				CLANG_WARN_SUSPICIOUS_MOVE = YES;
				CLANG_WARN_UNGUARDED_AVAILABILITY = YES_AGGRESSIVE;
				CLANG_WARN_UNREACHABLE_CODE = YES;
				CLANG_WARN__DUPLICATE_METHOD_MATCH = YES;
				COPY_PHASE_STRIP = NO;
				DEBUG_INFORMATION_FORMAT = "dwarf-with-dsym";
				ENABLE_NS_ASSERTIONS = NO;
				ENABLE_STRICT_OBJC_MSGSEND = YES;
				GCC_C_LANGUAGE_STANDARD = gnu11;
				GCC_NO_COMMON_BLOCKS = YES;
				GCC_WARN_64_TO_32_BIT_CONVERSION = YES;
				GCC_WARN_ABOUT_RETURN_TYPE = YES_ERROR;
				GCC_WARN_UNDECLARED_SELECTOR = YES;
				GCC_WARN_UNINITIALIZED_AUTOS = YES_AGGRESSIVE;
				GCC_WARN_UNUSED_FUNCTION = YES;
				GCC_WARN_UNUSED_VARIABLE = YES;
				IPHONEOS_DEPLOYMENT_TARGET = 13.0;
				MTL_ENABLE_DEBUG_INFO = NO;
				MTL_FAST_MATH = YES;
				SDKROOT = iphoneos;
				SWIFT_COMPILATION_MODE = wholemodule;
				SWIFT_OPTIMIZATION_LEVEL = "-O";
				VALIDATE_PRODUCT = YES;
			};
			name = Release;
		};
		200698752348234A003F1882 /* Debug */ = {
			isa = XCBuildConfiguration;
			baseConfigurationReference = EA49FD760A9D3054D4F62B28 /* Pods-ElectoralUniversity.debug.xcconfig */;
			buildSettings = {
				ASSETCATALOG_COMPILER_APPICON_NAME = AppIcon;
				CODE_SIGN_STYLE = Automatic;
				DEVELOPMENT_TEAM = GGN5KH2M3M;
				INFOPLIST_FILE = ElectoralUniversity/Info.plist;
				LD_RUNPATH_SEARCH_PATHS = (
					"$(inherited)",
					"@executable_path/Frameworks",
				);
				PRODUCT_BUNDLE_IDENTIFIER = com.EvanRichard.ElectoralUniversity;
				PRODUCT_NAME = "$(TARGET_NAME)";
				SWIFT_VERSION = 5.0;
				TARGETED_DEVICE_FAMILY = "1,2";
			};
			name = Debug;
		};
		200698762348234A003F1882 /* Release */ = {
			isa = XCBuildConfiguration;
			baseConfigurationReference = B41436D1AA6CF9FA6083B13A /* Pods-ElectoralUniversity.release.xcconfig */;
			buildSettings = {
				ASSETCATALOG_COMPILER_APPICON_NAME = AppIcon;
				CODE_SIGN_STYLE = Automatic;
				DEVELOPMENT_TEAM = GGN5KH2M3M;
				INFOPLIST_FILE = ElectoralUniversity/Info.plist;
				LD_RUNPATH_SEARCH_PATHS = (
					"$(inherited)",
					"@executable_path/Frameworks",
				);
				PRODUCT_BUNDLE_IDENTIFIER = com.EvanRichard.ElectoralUniversity;
				PRODUCT_NAME = "$(TARGET_NAME)";
				SWIFT_VERSION = 5.0;
				TARGETED_DEVICE_FAMILY = "1,2";
			};
			name = Release;
		};
		200698782348234A003F1882 /* Debug */ = {
			isa = XCBuildConfiguration;
			buildSettings = {
				ALWAYS_EMBED_SWIFT_STANDARD_LIBRARIES = YES;
				BUNDLE_LOADER = "$(TEST_HOST)";
				CODE_SIGN_STYLE = Automatic;
				DEVELOPMENT_TEAM = GGN5KH2M3M;
				INFOPLIST_FILE = ElectoralUniversityTests/Info.plist;
				IPHONEOS_DEPLOYMENT_TARGET = 13.0;
				LD_RUNPATH_SEARCH_PATHS = (
					"$(inherited)",
					"@executable_path/Frameworks",
					"@loader_path/Frameworks",
				);
				PRODUCT_BUNDLE_IDENTIFIER = com.EvanRichard.ElectoralUniversityTests;
				PRODUCT_NAME = "$(TARGET_NAME)";
				SWIFT_VERSION = 5.0;
				TARGETED_DEVICE_FAMILY = "1,2";
				TEST_HOST = "$(BUILT_PRODUCTS_DIR)/ElectoralUniversity.app/ElectoralUniversity";
			};
			name = Debug;
		};
		200698792348234A003F1882 /* Release */ = {
			isa = XCBuildConfiguration;
			buildSettings = {
				ALWAYS_EMBED_SWIFT_STANDARD_LIBRARIES = YES;
				BUNDLE_LOADER = "$(TEST_HOST)";
				CODE_SIGN_STYLE = Automatic;
				DEVELOPMENT_TEAM = GGN5KH2M3M;
				INFOPLIST_FILE = ElectoralUniversityTests/Info.plist;
				IPHONEOS_DEPLOYMENT_TARGET = 13.0;
				LD_RUNPATH_SEARCH_PATHS = (
					"$(inherited)",
					"@executable_path/Frameworks",
					"@loader_path/Frameworks",
				);
				PRODUCT_BUNDLE_IDENTIFIER = com.EvanRichard.ElectoralUniversityTests;
				PRODUCT_NAME = "$(TARGET_NAME)";
				SWIFT_VERSION = 5.0;
				TARGETED_DEVICE_FAMILY = "1,2";
				TEST_HOST = "$(BUILT_PRODUCTS_DIR)/ElectoralUniversity.app/ElectoralUniversity";
			};
			name = Release;
		};
		2006987B2348234A003F1882 /* Debug */ = {
			isa = XCBuildConfiguration;
			buildSettings = {
				ALWAYS_EMBED_SWIFT_STANDARD_LIBRARIES = YES;
				CODE_SIGN_STYLE = Automatic;
				DEVELOPMENT_TEAM = GGN5KH2M3M;
				INFOPLIST_FILE = ElectoralUniversityUITests/Info.plist;
				LD_RUNPATH_SEARCH_PATHS = (
					"$(inherited)",
					"@executable_path/Frameworks",
					"@loader_path/Frameworks",
				);
				PRODUCT_BUNDLE_IDENTIFIER = com.EvanRichard.ElectoralUniversityUITests;
				PRODUCT_NAME = "$(TARGET_NAME)";
				SWIFT_VERSION = 5.0;
				TARGETED_DEVICE_FAMILY = "1,2";
				TEST_TARGET_NAME = ElectoralUniversity;
			};
			name = Debug;
		};
		2006987C2348234A003F1882 /* Release */ = {
			isa = XCBuildConfiguration;
			buildSettings = {
				ALWAYS_EMBED_SWIFT_STANDARD_LIBRARIES = YES;
				CODE_SIGN_STYLE = Automatic;
				DEVELOPMENT_TEAM = GGN5KH2M3M;
				INFOPLIST_FILE = ElectoralUniversityUITests/Info.plist;
				LD_RUNPATH_SEARCH_PATHS = (
					"$(inherited)",
					"@executable_path/Frameworks",
					"@loader_path/Frameworks",
				);
				PRODUCT_BUNDLE_IDENTIFIER = com.EvanRichard.ElectoralUniversityUITests;
				PRODUCT_NAME = "$(TARGET_NAME)";
				SWIFT_VERSION = 5.0;
				TARGETED_DEVICE_FAMILY = "1,2";
				TEST_TARGET_NAME = ElectoralUniversity;
			};
			name = Release;
		};
/* End XCBuildConfiguration section */

/* Begin XCConfigurationList section */
		2006984023482348003F1882 /* Build configuration list for PBXProject "ElectoralUniversity" */ = {
			isa = XCConfigurationList;
			buildConfigurations = (
				200698722348234A003F1882 /* Debug */,
				200698732348234A003F1882 /* Release */,
			);
			defaultConfigurationIsVisible = 0;
			defaultConfigurationName = Release;
		};
		200698742348234A003F1882 /* Build configuration list for PBXNativeTarget "ElectoralUniversity" */ = {
			isa = XCConfigurationList;
			buildConfigurations = (
				200698752348234A003F1882 /* Debug */,
				200698762348234A003F1882 /* Release */,
			);
			defaultConfigurationIsVisible = 0;
			defaultConfigurationName = Release;
		};
		200698772348234A003F1882 /* Build configuration list for PBXNativeTarget "ElectoralUniversityTests" */ = {
			isa = XCConfigurationList;
			buildConfigurations = (
				200698782348234A003F1882 /* Debug */,
				200698792348234A003F1882 /* Release */,
			);
			defaultConfigurationIsVisible = 0;
			defaultConfigurationName = Release;
		};
		2006987A2348234A003F1882 /* Build configuration list for PBXNativeTarget "ElectoralUniversityUITests" */ = {
			isa = XCConfigurationList;
			buildConfigurations = (
				2006987B2348234A003F1882 /* Debug */,
				2006987C2348234A003F1882 /* Release */,
			);
			defaultConfigurationIsVisible = 0;
			defaultConfigurationName = Release;
		};
/* End XCConfigurationList section */

/* Begin XCVersionGroup section */
		2006985323482348003F1882 /* ElectoralUniversity.xcdatamodeld */ = {
			isa = XCVersionGroup;
			children = (
				2006985423482348003F1882 /* ElectoralUniversity.xcdatamodel */,
			);
			currentVersion = 2006985423482348003F1882 /* ElectoralUniversity.xcdatamodel */;
			path = ElectoralUniversity.xcdatamodeld;
			sourceTree = "<group>";
			versionGroupType = wrapper.xcdatamodel;
		};
/* End XCVersionGroup section */
	};
	rootObject = 2006983D23482348003F1882 /* Project object */;
}
